PODS:
  - Cache (6.0.0)
  - IQKeyboardManagerSwift (6.5.10)
  - MJRefresh (3.7.5)
  - MobilePlayer (1.3.0)
  - RTRootNavigationController (0.8.0):
    - RTRootNavigationController/Core (= 0.8.0)
  - RTRootNavigationController/Core (0.8.0)
  - RxCocoa (6.5.0):
    - RxRelay (= 6.5.0)
    - RxSwift (= 6.5.0)
  - RxRelay (6.5.0):
    - RxSwift (= 6.5.0)
  - RxSwift (6.5.0)
  - SDWebImage (5.12.5):
    - SDWebImage/Core (= 5.12.5)
  - SDWebImage/Core (5.12.5)
  - SnapKit (5.0.1)
  - SwiftDate (6.3.1)
  - Toaster (2.3.0)
  - WMPageController (2.4.3)

DEPENDENCIES:
  - Cache
  - IQKeyboardManagerSwift
  - MJRefresh
  - MobilePlayer
  - RTRootNavigationController
  - RxCocoa (= 6.5.0)
  - RxSwift (= 6.5.0)
  - SDWebImage (~> 5.0)
  - SnapKit (~> 5.0.0)
  - SwiftDate
  - Toaster
  - WMPageController (~> 2.4.0)

SPEC REPOS:
  trunk:
    - Cache
    - IQKeyboardManagerSwift
    - MJRefresh
    - MobilePlayer
    - RTRootNavigationController
    - RxCocoa
    - RxRelay
    - RxSwift
    - SDWebImage
    - SnapKit
    - SwiftDate
    - Toaster
    - WMPageController

SPEC CHECKSUMS:
  Cache: 4ca7e00363fca5455f26534e5607634c820ffc2d
  IQKeyboardManagerSwift: 52962c76ab33532f15ad9f3ff4e5715eda5335bb
  MJRefresh: fdf5e979eb406a0341468932d1dfc8b7f9fce961
  MobilePlayer: e50e2160830f3db51d6e08067318aec6a9d39408
  RTRootNavigationController: 36c6301870f0467f89d69f4286795340b537d473
  RxCocoa: 94f817b71c07517321eb4f9ad299112ca8af743b
  RxRelay: 1de1523e604c72b6c68feadedd1af3b1b4d0ecbd
  RxSwift: 5710a9e6b17f3c3d6e40d6e559b9fa1e813b2ef8
  SDWebImage: 0905f1b7760fc8ac4198cae0036600d67478751e
  SnapKit: 97b92857e3df3a0c71833cce143274bf6ef8e5eb
  SwiftDate: 72d28954e8e1c6c1c0f917ccc8005e4f83c7d4b2
  Toaster: c3473963c78e8cabbf6ea6f11ad0fdaae6f54987
  WMPageController: 4c7f2c636675a71aea5eecf8fdc07a0ce86954e3

PODFILE CHECKSUM: 3a8a296e2805dd26a562be0aa1fc38c11f6ba2e3

COCOAPODS: 1.11.3
