// !$*UTF8*$!
{
	archiveVersion = 1;
	classes = {
	};
	objectVersion = 55;
	objects = {

/* Begin PBXBuildFile section */
		63F7FC397DE1EB590539F926 /* Pods_MyCampus.framework in Frameworks */ = {isa = PBXBuildFile; fileRef = A2A9E7C3A4FEEA4382C2BE7D /* Pods_MyCampus.framework */; };
		94324205283FB13800D9C89A /* PublishImageTableViewCell.swift in Sources */ = {isa = PBXBuildFile; fileRef = 94324203283FB13800D9C89A /* PublishImageTableViewCell.swift */; };
		94324206283FB13800D9C89A /* PublishImageTableViewCell.xib in Resources */ = {isa = PBXBuildFile; fileRef = 94324204283FB13800D9C89A /* PublishImageTableViewCell.xib */; };
		9432420B283FCBE100D9C89A /* Protocol.swift in Sources */ = {isa = PBXBuildFile; fileRef = 9432420A283FCBE100D9C89A /* Protocol.swift */; };
		943F8B4E283C68B4004E908C /* PublishVC.swift in Sources */ = {isa = PBXBuildFile; fileRef = 943F8B4C283C68B4004E908C /* PublishVC.swift */; };
		943F8B4F283C68B4004E908C /* PublishVC.xib in Resources */ = {isa = PBXBuildFile; fileRef = 943F8B4D283C68B4004E908C /* PublishVC.xib */; };
		943F8B52283CB639004E908C /* PublishToolTableViewCell.swift in Sources */ = {isa = PBXBuildFile; fileRef = 943F8B50283CB639004E908C /* PublishToolTableViewCell.swift */; };
		943F8B53283CB639004E908C /* PublishToolTableViewCell.xib in Resources */ = {isa = PBXBuildFile; fileRef = 943F8B51283CB639004E908C /* PublishToolTableViewCell.xib */; };
		943F8B56283CBBB6004E908C /* PublishBtnTableVC.swift in Sources */ = {isa = PBXBuildFile; fileRef = 943F8B54283CBBB6004E908C /* PublishBtnTableVC.swift */; };
		943F8B57283CBBB6004E908C /* PublishBtnTableVC.xib in Resources */ = {isa = PBXBuildFile; fileRef = 943F8B55283CBBB6004E908C /* PublishBtnTableVC.xib */; };
		943F8B5A283CC1A3004E908C /* PublishTextViewTableVC.swift in Sources */ = {isa = PBXBuildFile; fileRef = 943F8B58283CC1A3004E908C /* PublishTextViewTableVC.swift */; };
		943F8B5B283CC1A3004E908C /* PublishTextViewTableVC.xib in Resources */ = {isa = PBXBuildFile; fileRef = 943F8B59283CC1A3004E908C /* PublishTextViewTableVC.xib */; };
		943F8B5E283CCD0F004E908C /* PublishTableViewModel.swift in Sources */ = {isa = PBXBuildFile; fileRef = 943F8B5D283CCD0F004E908C /* PublishTableViewModel.swift */; };
		94805A24283B1E6700341432 /* HomePageViewController.swift in Sources */ = {isa = PBXBuildFile; fileRef = 94805A23283B1E6700341432 /* HomePageViewController.swift */; };
		94805A28283B1F6600341432 /* Extensions.swift in Sources */ = {isa = PBXBuildFile; fileRef = 94805A27283B1F6600341432 /* Extensions.swift */; };
		94805A2A283B1F8B00341432 /* Config.swift in Sources */ = {isa = PBXBuildFile; fileRef = 94805A29283B1F8B00341432 /* Config.swift */; };
		94805A2C283B209E00341432 /* PersonalPageViewController.swift in Sources */ = {isa = PBXBuildFile; fileRef = 94805A2B283B209E00341432 /* PersonalPageViewController.swift */; };
		94805A2F283B234B00341432 /* TopImageBtn.swift in Sources */ = {isa = PBXBuildFile; fileRef = 94805A2E283B234B00341432 /* TopImageBtn.swift */; };
		94805A32283B270F00341432 /* WMpageDataModel.swift in Sources */ = {isa = PBXBuildFile; fileRef = 94805A31283B270F00341432 /* WMpageDataModel.swift */; };
		94805A35283B28A300341432 /* MomentsVC.swift in Sources */ = {isa = PBXBuildFile; fileRef = 94805A34283B28A300341432 /* MomentsVC.swift */; };
		94805A3A283B5F2A00341432 /* MomentsModel.swift in Sources */ = {isa = PBXBuildFile; fileRef = 94805A39283B5F2A00341432 /* MomentsModel.swift */; };
		94805A3C283B834B00341432 /* WaterFallFlowLayout.swift in Sources */ = {isa = PBXBuildFile; fileRef = 94805A3B283B834B00341432 /* WaterFallFlowLayout.swift */; };
		94805A3E283B879600341432 /* MomentCollectionViewCell.swift in Sources */ = {isa = PBXBuildFile; fileRef = 94805A3D283B879600341432 /* MomentCollectionViewCell.swift */; };
		94805AA5283BC82F00341432 /* BaseViewController.swift in Sources */ = {isa = PBXBuildFile; fileRef = 94805AA4283BC82F00341432 /* BaseViewController.swift */; };
		94D73E23283388B20024AFD5 /* AppDelegate.swift in Sources */ = {isa = PBXBuildFile; fileRef = 94D73E22283388B20024AFD5 /* AppDelegate.swift */; };
		94D73E25283388B20024AFD5 /* SceneDelegate.swift in Sources */ = {isa = PBXBuildFile; fileRef = 94D73E24283388B20024AFD5 /* SceneDelegate.swift */; };
		94D73E2C283388B40024AFD5 /* Assets.xcassets in Resources */ = {isa = PBXBuildFile; fileRef = 94D73E2B283388B40024AFD5 /* Assets.xcassets */; };
		94D73E2F283388B40024AFD5 /* LaunchScreen.storyboard in Resources */ = {isa = PBXBuildFile; fileRef = 94D73E2D283388B40024AFD5 /* LaunchScreen.storyboard */; };
/* End PBXBuildFile section */

/* Begin PBXFileReference section */
		87A12964A2E56617EF21DF69 /* Pods-MyCampus.debug.xcconfig */ = {isa = PBXFileReference; includeInIndex = 1; lastKnownFileType = text.xcconfig; name = "Pods-MyCampus.debug.xcconfig"; path = "Target Support Files/Pods-MyCampus/Pods-MyCampus.debug.xcconfig"; sourceTree = "<group>"; };
		94324203283FB13800D9C89A /* PublishImageTableViewCell.swift */ = {isa = PBXFileReference; lastKnownFileType = sourcecode.swift; path = PublishImageTableViewCell.swift; sourceTree = "<group>"; };
		94324204283FB13800D9C89A /* PublishImageTableViewCell.xib */ = {isa = PBXFileReference; lastKnownFileType = file.xib; path = PublishImageTableViewCell.xib; sourceTree = "<group>"; };
		9432420A283FCBE100D9C89A /* Protocol.swift */ = {isa = PBXFileReference; lastKnownFileType = sourcecode.swift; path = Protocol.swift; sourceTree = "<group>"; };
		943F8B4C283C68B4004E908C /* PublishVC.swift */ = {isa = PBXFileReference; lastKnownFileType = sourcecode.swift; path = PublishVC.swift; sourceTree = "<group>"; };
		943F8B4D283C68B4004E908C /* PublishVC.xib */ = {isa = PBXFileReference; lastKnownFileType = file.xib; path = PublishVC.xib; sourceTree = "<group>"; };
		943F8B50283CB639004E908C /* PublishToolTableViewCell.swift */ = {isa = PBXFileReference; lastKnownFileType = sourcecode.swift; path = PublishToolTableViewCell.swift; sourceTree = "<group>"; };
		943F8B51283CB639004E908C /* PublishToolTableViewCell.xib */ = {isa = PBXFileReference; lastKnownFileType = file.xib; path = PublishToolTableViewCell.xib; sourceTree = "<group>"; };
		943F8B54283CBBB6004E908C /* PublishBtnTableVC.swift */ = {isa = PBXFileReference; lastKnownFileType = sourcecode.swift; path = PublishBtnTableVC.swift; sourceTree = "<group>"; };
		943F8B55283CBBB6004E908C /* PublishBtnTableVC.xib */ = {isa = PBXFileReference; lastKnownFileType = file.xib; path = PublishBtnTableVC.xib; sourceTree = "<group>"; };
		943F8B58283CC1A3004E908C /* PublishTextViewTableVC.swift */ = {isa = PBXFileReference; lastKnownFileType = sourcecode.swift; path = PublishTextViewTableVC.swift; sourceTree = "<group>"; };
		943F8B59283CC1A3004E908C /* PublishTextViewTableVC.xib */ = {isa = PBXFileReference; lastKnownFileType = file.xib; path = PublishTextViewTableVC.xib; sourceTree = "<group>"; };
		943F8B5D283CCD0F004E908C /* PublishTableViewModel.swift */ = {isa = PBXFileReference; lastKnownFileType = sourcecode.swift; path = PublishTableViewModel.swift; sourceTree = "<group>"; };
		94805A23283B1E6700341432 /* HomePageViewController.swift */ = {isa = PBXFileReference; lastKnownFileType = sourcecode.swift; path = HomePageViewController.swift; sourceTree = "<group>"; };
		94805A27283B1F6600341432 /* Extensions.swift */ = {isa = PBXFileReference; lastKnownFileType = sourcecode.swift; path = Extensions.swift; sourceTree = "<group>"; };
		94805A29283B1F8B00341432 /* Config.swift */ = {isa = PBXFileReference; lastKnownFileType = sourcecode.swift; path = Config.swift; sourceTree = "<group>"; };
		94805A2B283B209E00341432 /* PersonalPageViewController.swift */ = {isa = PBXFileReference; lastKnownFileType = sourcecode.swift; path = PersonalPageViewController.swift; sourceTree = "<group>"; };
		94805A2E283B234B00341432 /* TopImageBtn.swift */ = {isa = PBXFileReference; lastKnownFileType = sourcecode.swift; path = TopImageBtn.swift; sourceTree = "<group>"; };
		94805A31283B270F00341432 /* WMpageDataModel.swift */ = {isa = PBXFileReference; lastKnownFileType = sourcecode.swift; path = WMpageDataModel.swift; sourceTree = "<group>"; };
		94805A34283B28A300341432 /* MomentsVC.swift */ = {isa = PBXFileReference; lastKnownFileType = sourcecode.swift; path = MomentsVC.swift; sourceTree = "<group>"; };
		94805A39283B5F2A00341432 /* MomentsModel.swift */ = {isa = PBXFileReference; lastKnownFileType = sourcecode.swift; path = MomentsModel.swift; sourceTree = "<group>"; };
		94805A3B283B834B00341432 /* WaterFallFlowLayout.swift */ = {isa = PBXFileReference; lastKnownFileType = sourcecode.swift; path = WaterFallFlowLayout.swift; sourceTree = "<group>"; };
		94805A3D283B879600341432 /* MomentCollectionViewCell.swift */ = {isa = PBXFileReference; lastKnownFileType = sourcecode.swift; path = MomentCollectionViewCell.swift; sourceTree = "<group>"; };
		94805AA4283BC82F00341432 /* BaseViewController.swift */ = {isa = PBXFileReference; lastKnownFileType = sourcecode.swift; path = BaseViewController.swift; sourceTree = "<group>"; };
		94D73E1F283388B20024AFD5 /* MyCampus.app */ = {isa = PBXFileReference; explicitFileType = wrapper.application; includeInIndex = 0; path = MyCampus.app; sourceTree = BUILT_PRODUCTS_DIR; };
		94D73E22283388B20024AFD5 /* AppDelegate.swift */ = {isa = PBXFileReference; lastKnownFileType = sourcecode.swift; path = AppDelegate.swift; sourceTree = "<group>"; };
		94D73E24283388B20024AFD5 /* SceneDelegate.swift */ = {isa = PBXFileReference; lastKnownFileType = sourcecode.swift; path = SceneDelegate.swift; sourceTree = "<group>"; };
		94D73E2B283388B40024AFD5 /* Assets.xcassets */ = {isa = PBXFileReference; lastKnownFileType = folder.assetcatalog; path = Assets.xcassets; sourceTree = "<group>"; };
		94D73E2E283388B40024AFD5 /* Base */ = {isa = PBXFileReference; lastKnownFileType = file.storyboard; name = Base; path = Base.lproj/LaunchScreen.storyboard; sourceTree = "<group>"; };
		94D73E30283388B40024AFD5 /* Info.plist */ = {isa = PBXFileReference; lastKnownFileType = text.plist.xml; path = Info.plist; sourceTree = "<group>"; };
		9AFA35E70C93F1489CF04809 /* Pods-MyCampus.release.xcconfig */ = {isa = PBXFileReference; includeInIndex = 1; lastKnownFileType = text.xcconfig; name = "Pods-MyCampus.release.xcconfig"; path = "Target Support Files/Pods-MyCampus/Pods-MyCampus.release.xcconfig"; sourceTree = "<group>"; };
		A2A9E7C3A4FEEA4382C2BE7D /* Pods_MyCampus.framework */ = {isa = PBXFileReference; explicitFileType = wrapper.framework; includeInIndex = 0; path = Pods_MyCampus.framework; sourceTree = BUILT_PRODUCTS_DIR; };
/* End PBXFileReference section */

/* Begin PBXFrameworksBuildPhase section */
		94D73E1C283388B20024AFD5 /* Frameworks */ = {
			isa = PBXFrameworksBuildPhase;
			buildActionMask = 2147483647;
			files = (
				63F7FC397DE1EB590539F926 /* Pods_MyCampus.framework in Frameworks */,
			);
			runOnlyForDeploymentPostprocessing = 0;
		};
/* End PBXFrameworksBuildPhase section */

/* Begin PBXGroup section */
		1B475834623CA5C59B94235D /* Frameworks */ = {
			isa = PBXGroup;
			children = (
				A2A9E7C3A4FEEA4382C2BE7D /* Pods_MyCampus.framework */,
			);
			name = Frameworks;
			sourceTree = "<group>";
		};
		62C51F430B92FFC0BD6FE625 /* Pods */ = {
			isa = PBXGroup;
			children = (
				87A12964A2E56617EF21DF69 /* Pods-MyCampus.debug.xcconfig */,
				9AFA35E70C93F1489CF04809 /* Pods-MyCampus.release.xcconfig */,
			);
			path = Pods;
			sourceTree = "<group>";
		};
		94324209283FCBCB00D9C89A /* Protocol */ = {
			isa = PBXGroup;
			children = (
				9432420A283FCBE100D9C89A /* Protocol.swift */,
			);
			path = Protocol;
			sourceTree = "<group>";
		};
		943F8B5C283CCCF0004E908C /* ViewModel */ = {
			isa = PBXGroup;
			children = (
				943F8B5D283CCD0F004E908C /* PublishTableViewModel.swift */,
			);
			path = ViewModel;
			sourceTree = "<group>";
		};
		94805A21283B1E1500341432 /* HomePage */ = {
			isa = PBXGroup;
			children = (
				94805A23283B1E6700341432 /* HomePageViewController.swift */,
				943F8B5C283CCCF0004E908C /* ViewModel */,
				94805A33283B281E00341432 /* Controller */,
				94805A30283B26FF00341432 /* Model */,
				94805A2D283B232100341432 /* View */,
			);
			path = HomePage;
			sourceTree = "<group>";
		};
		94805A22283B1E2E00341432 /* Personal */ = {
			isa = PBXGroup;
			children = (
				94805A2B283B209E00341432 /* PersonalPageViewController.swift */,
			);
			path = Personal;
			sourceTree = "<group>";
		};
		94805A25283B1F3500341432 /* Extensions */ = {
			isa = PBXGroup;
			children = (
				94805A27283B1F6600341432 /* Extensions.swift */,
			);
			path = Extensions;
			sourceTree = "<group>";
		};
		94805A26283B1F3D00341432 /* Config */ = {
			isa = PBXGroup;
			children = (
				94805A29283B1F8B00341432 /* Config.swift */,
			);
			path = Config;
			sourceTree = "<group>";
		};
		94805A2D283B232100341432 /* View */ = {
			isa = PBXGroup;
			children = (
				94805A2E283B234B00341432 /* TopImageBtn.swift */,
				94805A3B283B834B00341432 /* WaterFallFlowLayout.swift */,
				94805A3D283B879600341432 /* MomentCollectionViewCell.swift */,
				943F8B50283CB639004E908C /* PublishToolTableViewCell.swift */,
				943F8B51283CB639004E908C /* PublishToolTableViewCell.xib */,
				943F8B54283CBBB6004E908C /* PublishBtnTableVC.swift */,
				943F8B55283CBBB6004E908C /* PublishBtnTableVC.xib */,
				943F8B58283CC1A3004E908C /* PublishTextViewTableVC.swift */,
				943F8B59283CC1A3004E908C /* PublishTextViewTableVC.xib */,
				94324203283FB13800D9C89A /* PublishImageTableViewCell.swift */,
				94324204283FB13800D9C89A /* PublishImageTableViewCell.xib */,
			);
			path = View;
			sourceTree = "<group>";
		};
		94805A30283B26FF00341432 /* Model */ = {
			isa = PBXGroup;
			children = (
				94805A31283B270F00341432 /* WMpageDataModel.swift */,
				94805A39283B5F2A00341432 /* MomentsModel.swift */,
			);
			path = Model;
			sourceTree = "<group>";
		};
		94805A33283B281E00341432 /* Controller */ = {
			isa = PBXGroup;
			children = (
				94805A34283B28A300341432 /* MomentsVC.swift */,
				943F8B4C283C68B4004E908C /* PublishVC.swift */,
				943F8B4D283C68B4004E908C /* PublishVC.xib */,
			);
			path = Controller;
			sourceTree = "<group>";
		};
		94805AA3283BC82000341432 /* Base */ = {
			isa = PBXGroup;
			children = (
				94805AA4283BC82F00341432 /* BaseViewController.swift */,
			);
			path = Base;
			sourceTree = "<group>";
		};
		94D73E16283388B20024AFD5 = {
			isa = PBXGroup;
			children = (
				94D73E21283388B20024AFD5 /* MyCampus */,
				94D73E20283388B20024AFD5 /* Products */,
				62C51F430B92FFC0BD6FE625 /* Pods */,
				1B475834623CA5C59B94235D /* Frameworks */,
			);
			sourceTree = "<group>";
		};
		94D73E20283388B20024AFD5 /* Products */ = {
			isa = PBXGroup;
			children = (
				94D73E1F283388B20024AFD5 /* MyCampus.app */,
			);
			name = Products;
			sourceTree = "<group>";
		};
		94D73E21283388B20024AFD5 /* MyCampus */ = {
			isa = PBXGroup;
			children = (
				94324209283FCBCB00D9C89A /* Protocol */,
				94805AA3283BC82000341432 /* Base */,
				94805A26283B1F3D00341432 /* Config */,
				94805A25283B1F3500341432 /* Extensions */,
				94805A22283B1E2E00341432 /* Personal */,
				94805A21283B1E1500341432 /* HomePage */,
				94D73E22283388B20024AFD5 /* AppDelegate.swift */,
				94D73E24283388B20024AFD5 /* SceneDelegate.swift */,
				94D73E2B283388B40024AFD5 /* Assets.xcassets */,
				94D73E2D283388B40024AFD5 /* LaunchScreen.storyboard */,
				94D73E30283388B40024AFD5 /* Info.plist */,
			);
			path = MyCampus;
			sourceTree = "<group>";
		};
/* End PBXGroup section */

/* Begin PBXNativeTarget section */
		94D73E1E283388B20024AFD5 /* MyCampus */ = {
			isa = PBXNativeTarget;
			buildConfigurationList = 94D73E33283388B40024AFD5 /* Build configuration list for PBXNativeTarget "MyCampus" */;
			buildPhases = (
				D25191AD7BA8E01248DB6DE3 /* [CP] Check Pods Manifest.lock */,
				94D73E1B283388B20024AFD5 /* Sources */,
				94D73E1C283388B20024AFD5 /* Frameworks */,
				94D73E1D283388B20024AFD5 /* Resources */,
				1A9110C918C94D82DF663A74 /* [CP] Embed Pods Frameworks */,
			);
			buildRules = (
			);
			dependencies = (
			);
			name = MyCampus;
			productName = MyCampus;
			productReference = 94D73E1F283388B20024AFD5 /* MyCampus.app */;
			productType = "com.apple.product-type.application";
		};
/* End PBXNativeTarget section */

/* Begin PBXProject section */
		94D73E17283388B20024AFD5 /* Project object */ = {
			isa = PBXProject;
			attributes = {
				BuildIndependentTargetsInParallel = 1;
				LastSwiftUpdateCheck = 1330;
				LastUpgradeCheck = 1330;
				TargetAttributes = {
					94D73E1E283388B20024AFD5 = {
						CreatedOnToolsVersion = 13.3;
					};
				};
			};
			buildConfigurationList = 94D73E1A283388B20024AFD5 /* Build configuration list for PBXProject "MyCampus" */;
			compatibilityVersion = "Xcode 13.0";
			developmentRegion = en;
			hasScannedForEncodings = 0;
			knownRegions = (
				en,
				Base,
			);
			mainGroup = 94D73E16283388B20024AFD5;
			productRefGroup = 94D73E20283388B20024AFD5 /* Products */;
			projectDirPath = "";
			projectRoot = "";
			targets = (
				94D73E1E283388B20024AFD5 /* MyCampus */,
			);
		};
/* End PBXProject section */

/* Begin PBXResourcesBuildPhase section */
		94D73E1D283388B20024AFD5 /* Resources */ = {
			isa = PBXResourcesBuildPhase;
			buildActionMask = 2147483647;
			files = (
				943F8B57283CBBB6004E908C /* PublishBtnTableVC.xib in Resources */,
				943F8B5B283CC1A3004E908C /* PublishTextViewTableVC.xib in Resources */,
				943F8B4F283C68B4004E908C /* PublishVC.xib in Resources */,
				94324206283FB13800D9C89A /* PublishImageTableViewCell.xib in Resources */,
				943F8B53283CB639004E908C /* PublishToolTableViewCell.xib in Resources */,
				94D73E2F283388B40024AFD5 /* LaunchScreen.storyboard in Resources */,
				94D73E2C283388B40024AFD5 /* Assets.xcassets in Resources */,
			);
			runOnlyForDeploymentPostprocessing = 0;
		};
/* End PBXResourcesBuildPhase section */

/* Begin PBXShellScriptBuildPhase section */
		1A9110C918C94D82DF663A74 /* [CP] Embed Pods Frameworks */ = {
			isa = PBXShellScriptBuildPhase;
			buildActionMask = 2147483647;
			files = (
			);
			inputFileListPaths = (
				"${PODS_ROOT}/Target Support Files/Pods-MyCampus/Pods-MyCampus-frameworks-${CONFIGURATION}-input-files.xcfilelist",
			);
			name = "[CP] Embed Pods Frameworks";
			outputFileListPaths = (
				"${PODS_ROOT}/Target Support Files/Pods-MyCampus/Pods-MyCampus-frameworks-${CONFIGURATION}-output-files.xcfilelist",
			);
			runOnlyForDeploymentPostprocessing = 0;
			shellPath = /bin/sh;
			shellScript = "\"${PODS_ROOT}/Target Support Files/Pods-MyCampus/Pods-MyCampus-frameworks.sh\"\n";
			showEnvVarsInLog = 0;
		};
		D25191AD7BA8E01248DB6DE3 /* [CP] Check Pods Manifest.lock */ = {
			isa = PBXShellScriptBuildPhase;
			buildActionMask = 2147483647;
			files = (
			);
			inputFileListPaths = (
			);
			inputPaths = (
				"${PODS_PODFILE_DIR_PATH}/Podfile.lock",
				"${PODS_ROOT}/Manifest.lock",
			);
			name = "[CP] Check Pods Manifest.lock";
			outputFileListPaths = (
			);
			outputPaths = (
				"$(DERIVED_FILE_DIR)/Pods-MyCampus-checkManifestLockResult.txt",
			);
			runOnlyForDeploymentPostprocessing = 0;
			shellPath = /bin/sh;
			shellScript = "diff \"${PODS_PODFILE_DIR_PATH}/Podfile.lock\" \"${PODS_ROOT}/Manifest.lock\" > /dev/null\nif [ $? != 0 ] ; then\n    # print error to STDERR\n    echo \"error: The sandbox is not in sync with the Podfile.lock. Run 'pod install' or update your CocoaPods installation.\" >&2\n    exit 1\nfi\n# This output is used by Xcode 'outputs' to avoid re-running this script phase.\necho \"SUCCESS\" > \"${SCRIPT_OUTPUT_FILE_0}\"\n";
			showEnvVarsInLog = 0;
		};
/* End PBXShellScriptBuildPhase section */

/* Begin PBXSourcesBuildPhase section */
		94D73E1B283388B20024AFD5 /* Sources */ = {
			isa = PBXSourcesBuildPhase;
			buildActionMask = 2147483647;
			files = (
				94D73E23283388B20024AFD5 /* AppDelegate.swift in Sources */,
				94805A2F283B234B00341432 /* TopImageBtn.swift in Sources */,
				94D73E25283388B20024AFD5 /* SceneDelegate.swift in Sources */,
				94805A2A283B1F8B00341432 /* Config.swift in Sources */,
				943F8B4E283C68B4004E908C /* PublishVC.swift in Sources */,
				94805AA5283BC82F00341432 /* BaseViewController.swift in Sources */,
				94805A35283B28A300341432 /* MomentsVC.swift in Sources */,
				943F8B5E283CCD0F004E908C /* PublishTableViewModel.swift in Sources */,
				943F8B52283CB639004E908C /* PublishToolTableViewCell.swift in Sources */,
				94805A3E283B879600341432 /* MomentCollectionViewCell.swift in Sources */,
				94805A32283B270F00341432 /* WMpageDataModel.swift in Sources */,
				94805A24283B1E6700341432 /* HomePageViewController.swift in Sources */,
				94805A3C283B834B00341432 /* WaterFallFlowLayout.swift in Sources */,
				94805A3A283B5F2A00341432 /* MomentsModel.swift in Sources */,
				94324205283FB13800D9C89A /* PublishImageTableViewCell.swift in Sources */,
				94805A2C283B209E00341432 /* PersonalPageViewController.swift in Sources */,
				943F8B56283CBBB6004E908C /* PublishBtnTableVC.swift in Sources */,
				943F8B5A283CC1A3004E908C /* PublishTextViewTableVC.swift in Sources */,
				94805A28283B1F6600341432 /* Extensions.swift in Sources */,
				9432420B283FCBE100D9C89A /* Protocol.swift in Sources */,
			);
			runOnlyForDeploymentPostprocessing = 0;
		};
/* End PBXSourcesBuildPhase section */

/* Begin PBXVariantGroup section */
		94D73E2D283388B40024AFD5 /* LaunchScreen.storyboard */ = {
			isa = PBXVariantGroup;
			children = (
				94D73E2E283388B40024AFD5 /* Base */,
			);
			name = LaunchScreen.storyboard;
			sourceTree = "<group>";
		};
/* End PBXVariantGroup section */

/* Begin XCBuildConfiguration section */
		94D73E31283388B40024AFD5 /* Debug */ = {
			isa = XCBuildConfiguration;
			buildSettings = {
				ALWAYS_SEARCH_USER_PATHS = NO;
				CLANG_ANALYZER_NONNULL = YES;
				CLANG_ANALYZER_NUMBER_OBJECT_CONVERSION = YES_AGGRESSIVE;
				CLANG_CXX_LANGUAGE_STANDARD = "gnu++17";
				CLANG_ENABLE_MODULES = YES;
				CLANG_ENABLE_OBJC_ARC = YES;
				CLANG_ENABLE_OBJC_WEAK = YES;
				CLANG_WARN_BLOCK_CAPTURE_AUTORELEASING = YES;
				CLANG_WARN_BOOL_CONVERSION = YES;
				CLANG_WARN_COMMA = YES;
				CLANG_WARN_CONSTANT_CONVERSION = YES;
				CLANG_WARN_DEPRECATED_OBJC_IMPLEMENTATIONS = YES;
				CLANG_WARN_DIRECT_OBJC_ISA_USAGE = YES_ERROR;
				CLANG_WARN_DOCUMENTATION_COMMENTS = YES;
				CLANG_WARN_EMPTY_BODY = YES;
				CLANG_WARN_ENUM_CONVERSION = YES;
				CLANG_WARN_INFINITE_RECURSION = YES;
				CLANG_WARN_INT_CONVERSION = YES;
				CLANG_WARN_NON_LITERAL_NULL_CONVERSION = YES;
				CLANG_WARN_OBJC_IMPLICIT_RETAIN_SELF = YES;
				CLANG_WARN_OBJC_LITERAL_CONVERSION = YES;
				CLANG_WARN_OBJC_ROOT_CLASS = YES_ERROR;
				CLANG_WARN_QUOTED_INCLUDE_IN_FRAMEWORK_HEADER = YES;
				CLANG_WARN_RANGE_LOOP_ANALYSIS = YES;
				CLANG_WARN_STRICT_PROTOTYPES = YES;
				CLANG_WARN_SUSPICIOUS_MOVE = YES;
				CLANG_WARN_UNGUARDED_AVAILABILITY = YES_AGGRESSIVE;
				CLANG_WARN_UNREACHABLE_CODE = YES;
				CLANG_WARN__DUPLICATE_METHOD_MATCH = YES;
				COPY_PHASE_STRIP = NO;
				DEBUG_INFORMATION_FORMAT = dwarf;
				ENABLE_STRICT_OBJC_MSGSEND = YES;
				ENABLE_TESTABILITY = YES;
				GCC_C_LANGUAGE_STANDARD = gnu11;
				GCC_DYNAMIC_NO_PIC = NO;
				GCC_NO_COMMON_BLOCKS = YES;
				GCC_OPTIMIZATION_LEVEL = 0;
				GCC_PREPROCESSOR_DEFINITIONS = (
					"DEBUG=1",
					"$(inherited)",
				);
				GCC_WARN_64_TO_32_BIT_CONVERSION = YES;
				GCC_WARN_ABOUT_RETURN_TYPE = YES_ERROR;
				GCC_WARN_UNDECLARED_SELECTOR = YES;
				GCC_WARN_UNINITIALIZED_AUTOS = YES_AGGRESSIVE;
				GCC_WARN_UNUSED_FUNCTION = YES;
				GCC_WARN_UNUSED_VARIABLE = YES;
				IPHONEOS_DEPLOYMENT_TARGET = 15.4;
				MTL_ENABLE_DEBUG_INFO = INCLUDE_SOURCE;
				MTL_FAST_MATH = YES;
				ONLY_ACTIVE_ARCH = YES;
				SDKROOT = iphoneos;
				SWIFT_ACTIVE_COMPILATION_CONDITIONS = DEBUG;
				SWIFT_OPTIMIZATION_LEVEL = "-Onone";
			};
			name = Debug;
		};
		94D73E32283388B40024AFD5 /* Release */ = {
			isa = XCBuildConfiguration;
			buildSettings = {
				ALWAYS_SEARCH_USER_PATHS = NO;
				CLANG_ANALYZER_NONNULL = YES;
				CLANG_ANALYZER_NUMBER_OBJECT_CONVERSION = YES_AGGRESSIVE;
				CLANG_CXX_LANGUAGE_STANDARD = "gnu++17";
				CLANG_ENABLE_MODULES = YES;
				CLANG_ENABLE_OBJC_ARC = YES;
				CLANG_ENABLE_OBJC_WEAK = YES;
				CLANG_WARN_BLOCK_CAPTURE_AUTORELEASING = YES;
				CLANG_WARN_BOOL_CONVERSION = YES;
				CLANG_WARN_COMMA = YES;
				CLANG_WARN_CONSTANT_CONVERSION = YES;
				CLANG_WARN_DEPRECATED_OBJC_IMPLEMENTATIONS = YES;
				CLANG_WARN_DIRECT_OBJC_ISA_USAGE = YES_ERROR;
				CLANG_WARN_DOCUMENTATION_COMMENTS = YES;
				CLANG_WARN_EMPTY_BODY = YES;
				CLANG_WARN_ENUM_CONVERSION = YES;
				CLANG_WARN_INFINITE_RECURSION = YES;
				CLANG_WARN_INT_CONVERSION = YES;
				CLANG_WARN_NON_LITERAL_NULL_CONVERSION = YES;
				CLANG_WARN_OBJC_IMPLICIT_RETAIN_SELF = YES;
				CLANG_WARN_OBJC_LITERAL_CONVERSION = YES;
				CLANG_WARN_OBJC_ROOT_CLASS = YES_ERROR;
				CLANG_WARN_QUOTED_INCLUDE_IN_FRAMEWORK_HEADER = YES;
				CLANG_WARN_RANGE_LOOP_ANALYSIS = YES;
				CLANG_WARN_STRICT_PROTOTYPES = YES;
				CLANG_WARN_SUSPICIOUS_MOVE = YES;
				CLANG_WARN_UNGUARDED_AVAILABILITY = YES_AGGRESSIVE;
				CLANG_WARN_UNREACHABLE_CODE = YES;
				CLANG_WARN__DUPLICATE_METHOD_MATCH = YES;
				COPY_PHASE_STRIP = NO;
				DEBUG_INFORMATION_FORMAT = "dwarf-with-dsym";
				ENABLE_NS_ASSERTIONS = NO;
				ENABLE_STRICT_OBJC_MSGSEND = YES;
				GCC_C_LANGUAGE_STANDARD = gnu11;
				GCC_NO_COMMON_BLOCKS = YES;
				GCC_WARN_64_TO_32_BIT_CONVERSION = YES;
				GCC_WARN_ABOUT_RETURN_TYPE = YES_ERROR;
				GCC_WARN_UNDECLARED_SELECTOR = YES;
				GCC_WARN_UNINITIALIZED_AUTOS = YES_AGGRESSIVE;
				GCC_WARN_UNUSED_FUNCTION = YES;
				GCC_WARN_UNUSED_VARIABLE = YES;
				IPHONEOS_DEPLOYMENT_TARGET = 15.4;
				MTL_ENABLE_DEBUG_INFO = NO;
				MTL_FAST_MATH = YES;
				SDKROOT = iphoneos;
				SWIFT_COMPILATION_MODE = wholemodule;
				SWIFT_OPTIMIZATION_LEVEL = "-O";
				VALIDATE_PRODUCT = YES;
			};
			name = Release;
		};
		94D73E34283388B40024AFD5 /* Debug */ = {
			isa = XCBuildConfiguration;
			baseConfigurationReference = 87A12964A2E56617EF21DF69 /* Pods-MyCampus.debug.xcconfig */;
			buildSettings = {
				ASSETCATALOG_COMPILER_APPICON_NAME = AppIcon;
				ASSETCATALOG_COMPILER_GLOBAL_ACCENT_COLOR_NAME = AccentColor;
				CODE_SIGN_STYLE = Automatic;
				CURRENT_PROJECT_VERSION = 1;
				GENERATE_INFOPLIST_FILE = YES;
				INFOPLIST_FILE = MyCampus/Info.plist;
				INFOPLIST_KEY_UIApplicationSupportsIndirectInputEvents = YES;
				INFOPLIST_KEY_UILaunchStoryboardName = LaunchScreen;
				INFOPLIST_KEY_UIMainStoryboardFile = LaunchScreen;
				INFOPLIST_KEY_UISupportedInterfaceOrientations_iPad = "UIInterfaceOrientationPortrait UIInterfaceOrientationPortraitUpsideDown UIInterfaceOrientationLandscapeLeft UIInterfaceOrientationLandscapeRight";
				INFOPLIST_KEY_UISupportedInterfaceOrientations_iPhone = "UIInterfaceOrientationPortrait UIInterfaceOrientationLandscapeLeft UIInterfaceOrientationLandscapeRight";
				LD_RUNPATH_SEARCH_PATHS = (
					"$(inherited)",
					"@executable_path/Frameworks",
				);
				MARKETING_VERSION = 1.0;
				PRODUCT_BUNDLE_IDENTIFIER = com.demo.MyCampus;
				PRODUCT_NAME = "$(TARGET_NAME)";
				SWIFT_EMIT_LOC_STRINGS = YES;
				SWIFT_VERSION = 5.0;
				TARGETED_DEVICE_FAMILY = "1,2";
			};
			name = Debug;
		};
		94D73E35283388B40024AFD5 /* Release */ = {
			isa = XCBuildConfiguration;
			baseConfigurationReference = 9AFA35E70C93F1489CF04809 /* Pods-MyCampus.release.xcconfig */;
			buildSettings = {
				ASSETCATALOG_COMPILER_APPICON_NAME = AppIcon;
				ASSETCATALOG_COMPILER_GLOBAL_ACCENT_COLOR_NAME = AccentColor;
				CODE_SIGN_STYLE = Automatic;
				CURRENT_PROJECT_VERSION = 1;
				GENERATE_INFOPLIST_FILE = YES;
				INFOPLIST_FILE = MyCampus/Info.plist;
				INFOPLIST_KEY_UIApplicationSupportsIndirectInputEvents = YES;
				INFOPLIST_KEY_UILaunchStoryboardName = LaunchScreen;
				INFOPLIST_KEY_UIMainStoryboardFile = LaunchScreen;
				INFOPLIST_KEY_UISupportedInterfaceOrientations_iPad = "UIInterfaceOrientationPortrait UIInterfaceOrientationPortraitUpsideDown UIInterfaceOrientationLandscapeLeft UIInterfaceOrientationLandscapeRight";
				INFOPLIST_KEY_UISupportedInterfaceOrientations_iPhone = "UIInterfaceOrientationPortrait UIInterfaceOrientationLandscapeLeft UIInterfaceOrientationLandscapeRight";
				LD_RUNPATH_SEARCH_PATHS = (
					"$(inherited)",
					"@executable_path/Frameworks",
				);
				MARKETING_VERSION = 1.0;
				PRODUCT_BUNDLE_IDENTIFIER = com.demo.MyCampus;
				PRODUCT_NAME = "$(TARGET_NAME)";
				SWIFT_EMIT_LOC_STRINGS = YES;
				SWIFT_VERSION = 5.0;
				TARGETED_DEVICE_FAMILY = "1,2";
			};
			name = Release;
		};
/* End XCBuildConfiguration section */

/* Begin XCConfigurationList section */
		94D73E1A283388B20024AFD5 /* Build configuration list for PBXProject "MyCampus" */ = {
			isa = XCConfigurationList;
			buildConfigurations = (
				94D73E31283388B40024AFD5 /* Debug */,
				94D73E32283388B40024AFD5 /* Release */,
			);
			defaultConfigurationIsVisible = 0;
			defaultConfigurationName = Release;
		};
		94D73E33283388B40024AFD5 /* Build configuration list for PBXNativeTarget "MyCampus" */ = {
			isa = XCConfigurationList;
			buildConfigurations = (
				94D73E34283388B40024AFD5 /* Debug */,
				94D73E35283388B40024AFD5 /* Release */,
			);
			defaultConfigurationIsVisible = 0;
			defaultConfigurationName = Release;
		};
/* End XCConfigurationList section */
	};
	rootObject = 94D73E17283388B20024AFD5 /* Project object */;
}
