PODS:
  - Alamofire (5.6.1)
  - Cache (6.0.0)
  - Differentiator (5.0.0)
  - FSCalendar (2.8.4)
  - IQKeyboardManagerSwift (6.5.10)
  - MarkdownView (1.9.1)
  - MJRefresh (3.7.5)
  - Popover (1.3.0)
  - RTRootNavigationController (0.8.0):
    - RTRootNavigationController/Core (= 0.8.0)
  - RTRootNavigationController/Core (0.8.0)
  - RxCocoa (6.5.0):
    - RxRelay (= 6.5.0)
    - RxSwift (= 6.5.0)
  - RxDataSources (5.0.0):
    - Differentiator (~> 5.0)
    - RxCocoa (~> 6.0)
    - RxSwift (~> 6.0)
  - RxRelay (6.5.0):
    - RxSwift (= 6.5.0)
  - RxSwift (6.5.0)
  - SDWebImage (5.12.5):
    - SDWebImage/Core (= 5.12.5)
  - SDWebImage/Core (5.12.5)
  - SkyFloatingLabelTextField (3.8.0)
  - SnapKit (5.0.1)
  - SwiftDate (6.3.1)
  - SwiftyJSON (4.3.0)
  - Toaster (2.3.0)
  - WMPageController (2.4.3)

DEPENDENCIES:
  - Alamofire (~> 5.5)
  - Cache
  - FSCalendar
  - IQKeyboardManagerSwift
  - MarkdownView
  - MJRefresh
  - Popover
  - RTRootNavigationController
  - RxCocoa (= 6.5.0)
  - RxDataSources
  - RxSwift (= 6.5.0)
  - SDWebImage (~> 5.0)
  - SkyFloatingLabelTextField (~> 3.0)
  - SnapKit (~> 5.0.0)
  - SwiftDate
  - SwiftyJSON (~> 4.0)
  - Toaster
  - WMPageController (~> 2.4.0)

SPEC REPOS:
  trunk:
    - Alamofire
    - Cache
    - Differentiator
    - FSCalendar
    - IQKeyboardManagerSwift
    - MarkdownView
    - MJRefresh
    - Popover
    - RTRootNavigationController
    - RxCocoa
    - RxDataSources
    - RxRelay
    - RxSwift
    - SDWebImage
    - SkyFloatingLabelTextField
    - SnapKit
    - SwiftDate
    - SwiftyJSON
    - Toaster
    - WMPageController

SPEC CHECKSUMS:
  Alamofire: 87bd8c952f9a4454320fce00d9cc3de57bcadaf5
  Cache: 4ca7e00363fca5455f26534e5607634c820ffc2d
  Differentiator: e8497ceab83c1b10ca233716d547b9af21b9344d
  FSCalendar: 2d1d0d9398f12d439f55c1fe0f01525b151b8260
  IQKeyboardManagerSwift: 52962c76ab33532f15ad9f3ff4e5715eda5335bb
  MarkdownView: 22249778219cc22901f1454e8355298dd0bda7f0
  MJRefresh: fdf5e979eb406a0341468932d1dfc8b7f9fce961
  Popover: 10e1d9528f81d9504df984b7b3f491292bc1822d
  RTRootNavigationController: 36c6301870f0467f89d69f4286795340b537d473
  RxCocoa: 94f817b71c07517321eb4f9ad299112ca8af743b
  RxDataSources: aa47cc1ed6c500fa0dfecac5c979b723542d79cf
  RxRelay: 1de1523e604c72b6c68feadedd1af3b1b4d0ecbd
  RxSwift: 5710a9e6b17f3c3d6e40d6e559b9fa1e813b2ef8
  SDWebImage: 0905f1b7760fc8ac4198cae0036600d67478751e
  SkyFloatingLabelTextField: 5a338412114808e961fe2d14ea2c5452c8b6e4aa
  SnapKit: 97b92857e3df3a0c71833cce143274bf6ef8e5eb
  SwiftDate: 72d28954e8e1c6c1c0f917ccc8005e4f83c7d4b2
  SwiftyJSON: 6faa0040f8b59dead0ee07436cbf76b73c08fd08
  Toaster: c3473963c78e8cabbf6ea6f11ad0fdaae6f54987
  WMPageController: 4c7f2c636675a71aea5eecf8fdc07a0ce86954e3

PODFILE CHECKSUM: f625912fcd2beb16f86ee22e60f4db1c36a7ab34

COCOAPODS: 1.11.3
